
Microsoft Visual Studio Solution File, Format Version 12.00
# Visual Studio Version 16
VisualStudioVersion = 16.0.30503.244
MinimumVisualStudioVersion = 15.0.26124.0
Project("{9A19103F-16F7-4668-BE54-9A1E7A4F7556}") = "TemplateMultiClient.Api", "TemplateMultiClient.Api\TemplateMultiClient.Api.csproj", "{ABC5B7E1-2B33-4211-87D5-64319B6C3206}"
EndProject
Project("{9A19103F-16F7-4668-BE54-9A1E7A4F7556}") = "TemplateMultiClient.Domain", "TemplateMultiClient.Domain\TemplateMultiClient.Domain.csproj", "{47B03043-BEEC-4836-B879-310B62D41D49}"
EndProject
Project("{9A19103F-16F7-4668-BE54-9A1E7A4F7556}") = "TemplateMultiClient.Infra", "TemplateMultiClient.Infra\TemplateMultiClient.Infra.csproj", "{303C78EC-808A-4AF9-ABE8-3630DAE53393}"
EndProject
Project("{9A19103F-16F7-4668-BE54-9A1E7A4F7556}") = "TemplateMultiClient.Tests", "TemplateMultiClient.Tests\TemplateMultiClient.Tests.csproj", "{EBDBF18D-7C84-4048-A67F-88AB991DA95C}"
EndProject
Global
	GlobalSection(SolutionConfigurationPlatforms) = preSolution
		Debug|Any CPU = Debug|Any CPU
		Debug|x64 = Debug|x64
		Debug|x86 = Debug|x86
		Release|Any CPU = Release|Any CPU
		Release|x64 = Release|x64
		Release|x86 = Release|x86
	EndGlobalSection
	GlobalSection(ProjectConfigurationPlatforms) = postSolution
		{ABC5B7E1-2B33-4211-87D5-64319B6C3206}.Debug|Any CPU.ActiveCfg = Debug|Any CPU
		{ABC5B7E1-2B33-4211-87D5-64319B6C3206}.Debug|Any CPU.Build.0 = Debug|Any CPU
		{ABC5B7E1-2B33-4211-87D5-64319B6C3206}.Debug|x64.ActiveCfg = Debug|Any CPU
		{ABC5B7E1-2B33-4211-87D5-64319B6C3206}.Debug|x64.Build.0 = Debug|Any CPU
		{ABC5B7E1-2B33-4211-87D5-64319B6C3206}.Debug|x86.ActiveCfg = Debug|Any CPU
		{ABC5B7E1-2B33-4211-87D5-64319B6C3206}.Debug|x86.Build.0 = Debug|Any CPU
		{ABC5B7E1-2B33-4211-87D5-64319B6C3206}.Release|Any CPU.ActiveCfg = Release|Any CPU
		{ABC5B7E1-2B33-4211-87D5-64319B6C3206}.Release|Any CPU.Build.0 = Release|Any CPU
		{ABC5B7E1-2B33-4211-87D5-64319B6C3206}.Release|x64.ActiveCfg = Release|Any CPU
		{ABC5B7E1-2B33-4211-87D5-64319B6C3206}.Release|x64.Build.0 = Release|Any CPU
		{ABC5B7E1-2B33-4211-87D5-64319B6C3206}.Release|x86.ActiveCfg = Release|Any CPU
		{ABC5B7E1-2B33-4211-87D5-64319B6C3206}.Release|x86.Build.0 = Release|Any CPU
		{47B03043-BEEC-4836-B879-310B62D41D49}.Debug|Any CPU.ActiveCfg = Debug|Any CPU
		{47B03043-BEEC-4836-B879-310B62D41D49}.Debug|Any CPU.Build.0 = Debug|Any CPU
		{47B03043-BEEC-4836-B879-310B62D41D49}.Debug|x64.ActiveCfg = Debug|Any CPU
		{47B03043-BEEC-4836-B879-310B62D41D49}.Debug|x64.Build.0 = Debug|Any CPU
		{47B03043-BEEC-4836-B879-310B62D41D49}.Debug|x86.ActiveCfg = Debug|Any CPU
		{47B03043-BEEC-4836-B879-310B62D41D49}.Debug|x86.Build.0 = Debug|Any CPU
		{47B03043-BEEC-4836-B879-310B62D41D49}.Release|Any CPU.ActiveCfg = Release|Any CPU
		{47B03043-BEEC-4836-B879-310B62D41D49}.Release|Any CPU.Build.0 = Release|Any CPU
		{47B03043-BEEC-4836-B879-310B62D41D49}.Release|x64.ActiveCfg = Release|Any CPU
		{47B03043-BEEC-4836-B879-310B62D41D49}.Release|x64.Build.0 = Release|Any CPU
		{47B03043-BEEC-4836-B879-310B62D41D49}.Release|x86.ActiveCfg = Release|Any CPU
		{47B03043-BEEC-4836-B879-310B62D41D49}.Release|x86.Build.0 = Release|Any CPU
		{303C78EC-808A-4AF9-ABE8-3630DAE53393}.Debug|Any CPU.ActiveCfg = Debug|Any CPU
		{303C78EC-808A-4AF9-ABE8-3630DAE53393}.Debug|Any CPU.Build.0 = Debug|Any CPU
		{303C78EC-808A-4AF9-ABE8-3630DAE53393}.Debug|x64.ActiveCfg = Debug|Any CPU
		{303C78EC-808A-4AF9-ABE8-3630DAE53393}.Debug|x64.Build.0 = Debug|Any CPU
		{303C78EC-808A-4AF9-ABE8-3630DAE53393}.Debug|x86.ActiveCfg = Debug|Any CPU
		{303C78EC-808A-4AF9-ABE8-3630DAE53393}.Debug|x86.Build.0 = Debug|Any CPU
		{303C78EC-808A-4AF9-ABE8-3630DAE53393}.Release|Any CPU.ActiveCfg = Release|Any CPU
		{303C78EC-808A-4AF9-ABE8-3630DAE53393}.Release|Any CPU.Build.0 = Release|Any CPU
		{303C78EC-808A-4AF9-ABE8-3630DAE53393}.Release|x64.ActiveCfg = Release|Any CPU
		{303C78EC-808A-4AF9-ABE8-3630DAE53393}.Release|x64.Build.0 = Release|Any CPU
		{303C78EC-808A-4AF9-ABE8-3630DAE53393}.Release|x86.ActiveCfg = Release|Any CPU
		{303C78EC-808A-4AF9-ABE8-3630DAE53393}.Release|x86.Build.0 = Release|Any CPU
		{EBDBF18D-7C84-4048-A67F-88AB991DA95C}.Debug|Any CPU.ActiveCfg = Debug|Any CPU
		{EBDBF18D-7C84-4048-A67F-88AB991DA95C}.Debug|Any CPU.Build.0 = Debug|Any CPU
		{EBDBF18D-7C84-4048-A67F-88AB991DA95C}.Debug|x64.ActiveCfg = Debug|Any CPU
		{EBDBF18D-7C84-4048-A67F-88AB991DA95C}.Debug|x64.Build.0 = Debug|Any CPU
		{EBDBF18D-7C84-4048-A67F-88AB991DA95C}.Debug|x86.ActiveCfg = Debug|Any CPU
		{EBDBF18D-7C84-4048-A67F-88AB991DA95C}.Debug|x86.Build.0 = Debug|Any CPU
		{EBDBF18D-7C84-4048-A67F-88AB991DA95C}.Release|Any CPU.ActiveCfg = Release|Any CPU
		{EBDBF18D-7C84-4048-A67F-88AB991DA95C}.Release|Any CPU.Build.0 = Release|Any CPU
		{EBDBF18D-7C84-4048-A67F-88AB991DA95C}.Release|x64.ActiveCfg = Release|Any CPU
		{EBDBF18D-7C84-4048-A67F-88AB991DA95C}.Release|x64.Build.0 = Release|Any CPU
		{EBDBF18D-7C84-4048-A67F-88AB991DA95C}.Release|x86.ActiveCfg = Release|Any CPU
		{EBDBF18D-7C84-4048-A67F-88AB991DA95C}.Release|x86.Build.0 = Release|Any CPU
	EndGlobalSection
	GlobalSection(SolutionProperties) = preSolution
		HideSolutionNode = FALSE
	EndGlobalSection
	GlobalSection(ExtensibilityGlobals) = postSolution
		SolutionGuid = {F70396CD-3E2F-4A1C-86B1-9E9B3F08E8B2}
	EndGlobalSection
EndGlobal
